{
  "requires": true,
  "lockfileVersion": 1,
  "dependencies": {
    "clean-css": {
      "version": "4.1.11",
      "resolved": "https://registry.npmjs.org/clean-css/-/clean-css-4.1.11.tgz",
      "integrity": "sha1-Ls3xRaujj1R0DybO/Q/z4D4SXWo=",
      "requires": {
        "source-map": "0.5.x"
      },
      "dependencies": {
        "source-map": {
          "version": "0.5.7",
          "resolved": "https://registry.npmjs.org/source-map/-/source-map-0.5.7.tgz",
          "integrity": "sha1-igOdLRAh0i0eoUyA2OpGi6LvP8w="
        }
      }
    },
    "csslint": {
      "version": "0.10.0",
      "resolved": "https://registry.npmjs.org/csslint/-/csslint-0.10.0.tgz",
      "integrity": "sha1-OmoE51Zcjp0ZvrSXZ8fslug2WAU="
    },
    "eslint": {
      "version": "3.19.0",
      "resolved": "https://registry.npmjs.org/eslint/-/eslint-3.19.0.tgz",
      "integrity": "sha1-yPxiAcf0DdCJQbh8CFdnOGpnmsw="
    },
    "rigning": {
      "version": "3.0.1",
      "resolved": "https://registry.npmjs.org/rigning/-/rigning-3.0.1.tgz",
      "integrity": "sha512-sU9P5IgcafQTbv1XAcsBZxQ7bV61vWgcXBA/aQVbu1mHyPUO/spBWt3n6DOi+yYlqvvnJ4ho0T0HWydVJJ63tg=="
    }
  }
}
